
Microsoft Visual Studio Solution File, Format Version 12.00
# Visual Studio 2012
Project("{FAE04EC0-301F-11D3-BF4B-00C04F79EFBC}") = "soddi", "soddi\soddi.csproj", "{94451A1F-9DBA-438C-956F-CD1C072310B2}"
EndProject
Project("{54435603-DBB4-11D2-8724-00A0C9A8B90C}") = "SODDI_Setup", "SODDI_Setup\SODDI_Setup.vdproj", "{CB758D8A-3B3D-4CC4-AF05-005F60AD6DCC}"
EndProject
Global
	GlobalSection(SolutionConfigurationPlatforms) = preSolution
		Debug|Any CPU = Debug|Any CPU
		Debug|x86 = Debug|x86
		Release|Any CPU = Release|Any CPU
		Release|x86 = Release|x86
	EndGlobalSection
	GlobalSection(ProjectConfigurationPlatforms) = postSolution
		{94451A1F-9DBA-438C-956F-CD1C072310B2}.Debug|Any CPU.ActiveCfg = Debug|Any CPU
		{94451A1F-9DBA-438C-956F-CD1C072310B2}.Debug|Any CPU.Build.0 = Debug|Any CPU
		{94451A1F-9DBA-438C-956F-CD1C072310B2}.Debug|x86.ActiveCfg = Debug|x86
		{94451A1F-9DBA-438C-956F-CD1C072310B2}.Debug|x86.Build.0 = Debug|x86
		{94451A1F-9DBA-438C-956F-CD1C072310B2}.Release|Any CPU.ActiveCfg = Release|Any CPU
		{94451A1F-9DBA-438C-956F-CD1C072310B2}.Release|Any CPU.Build.0 = Release|Any CPU
		{94451A1F-9DBA-438C-956F-CD1C072310B2}.Release|x86.ActiveCfg = Release|x86
		{94451A1F-9DBA-438C-956F-CD1C072310B2}.Release|x86.Build.0 = Release|x86
		{CB758D8A-3B3D-4CC4-AF05-005F60AD6DCC}.Debug|Any CPU.ActiveCfg = Debug
		{CB758D8A-3B3D-4CC4-AF05-005F60AD6DCC}.Debug|Any CPU.Build.0 = Debug
		{CB758D8A-3B3D-4CC4-AF05-005F60AD6DCC}.Debug|x86.ActiveCfg = Debug
		{CB758D8A-3B3D-4CC4-AF05-005F60AD6DCC}.Debug|x86.Build.0 = Debug
		{CB758D8A-3B3D-4CC4-AF05-005F60AD6DCC}.Release|Any CPU.ActiveCfg = Release
		{CB758D8A-3B3D-4CC4-AF05-005F60AD6DCC}.Release|Any CPU.Build.0 = Release
		{CB758D8A-3B3D-4CC4-AF05-005F60AD6DCC}.Release|x86.ActiveCfg = Release
		{CB758D8A-3B3D-4CC4-AF05-005F60AD6DCC}.Release|x86.Build.0 = Release
	EndGlobalSection
	GlobalSection(SolutionProperties) = preSolution
		HideSolutionNode = FALSE
	EndGlobalSection
	GlobalSection(MercurialSourceControlSolutionProperties) = preSolution
		SolutionIsControlled = True
		SolutionBindings = <Solution Location In Database>
	EndGlobalSection
EndGlobal
